
Microsoft Visual Studio Solution File, Format Version 12.00
# Visual Studio Version 17
VisualStudioVersion = 17.9.34701.34
MinimumVisualStudioVersion = 10.0.40219.1
Project("{FAE04EC0-301F-11D3-BF4B-00C04F79EFBC}") = "les7_16_04_24", "les7_16_04_24\les7_16_04_24.csproj", "{C216C1AC-6A5F-4269-97FC-6B8DF600884C}"
EndProject
Global
	GlobalSection(SolutionConfigurationPlatforms) = preSolution
		Debug|Any CPU = Debug|Any CPU
		Release|Any CPU = Release|Any CPU
	EndGlobalSection
	GlobalSection(ProjectConfigurationPlatforms) = postSolution
		{C216C1AC-6A5F-4269-97FC-6B8DF600884C}.Debug|Any CPU.ActiveCfg = Debug|Any CPU
		{C216C1AC-6A5F-4269-97FC-6B8DF600884C}.Debug|Any CPU.Build.0 = Debug|Any CPU
		{C216C1AC-6A5F-4269-97FC-6B8DF600884C}.Release|Any CPU.ActiveCfg = Release|Any CPU
		{C216C1AC-6A5F-4269-97FC-6B8DF600884C}.Release|Any CPU.Build.0 = Release|Any CPU
	EndGlobalSection
	GlobalSection(SolutionProperties) = preSolution
		HideSolutionNode = FALSE
	EndGlobalSection
	GlobalSection(ExtensibilityGlobals) = postSolution
		SolutionGuid = {73824660-8245-414B-9E21-B29D78272503}
	EndGlobalSection
EndGlobal
